// !$*UTF8*$!
{
	archiveVersion = 1;
	classes = {
	};
	objectVersion = 46;
	objects = {

/* Begin PBXBuildFile section */
		884F3B401C892C910010CB92 /* main.m in Sources */ = {isa = PBXBuildFile; fileRef = 884F3B3F1C892C910010CB92 /* main.m */; };
		884F3B431C892C910010CB92 /* AppDelegate.m in Sources */ = {isa = PBXBuildFile; fileRef = 884F3B421C892C910010CB92 /* AppDelegate.m */; };
		884F3B461C892C910010CB92 /* ViewController.m in Sources */ = {isa = PBXBuildFile; fileRef = 884F3B451C892C910010CB92 /* ViewController.m */; };
		884F3B491C892C910010CB92 /* Main.storyboard in Resources */ = {isa = PBXBuildFile; fileRef = 884F3B471C892C910010CB92 /* Main.storyboard */; };
		884F3B4B1C892C910010CB92 /* Images.xcassets in Resources */ = {isa = PBXBuildFile; fileRef = 884F3B4A1C892C910010CB92 /* Images.xcassets */; };
		884F3B4E1C892C910010CB92 /* LaunchScreen.xib in Resources */ = {isa = PBXBuildFile; fileRef = 884F3B4C1C892C910010CB92 /* LaunchScreen.xib */; };
		884F3B5A1C892C910010CB92 /* XYZCornerRadiusTests.m in Sources */ = {isa = PBXBuildFile; fileRef = 884F3B591C892C910010CB92 /* XYZCornerRadiusTests.m */; };
/* End PBXBuildFile section */

/* Begin PBXContainerItemProxy section */
		884F3B541C892C910010CB92 /* PBXContainerItemProxy */ = {
			isa = PBXContainerItemProxy;
			containerPortal = 884F3B321C892C910010CB92 /* Project object */;
			proxyType = 1;
			remoteGlobalIDString = 884F3B391C892C910010CB92;
			remoteInfo = XYZCornerRadius;
		};
/* End PBXContainerItemProxy section */

/* Begin PBXFileReference section */
		884F3B3A1C892C910010CB92 /* XYZCornerRadius.app */ = {isa = PBXFileReference; explicitFileType = wrapper.application; includeInIndex = 0; path = XYZCornerRadius.app; sourceTree = BUILT_PRODUCTS_DIR; };
		884F3B3E1C892C910010CB92 /* Info.plist */ = {isa = PBXFileReference; lastKnownFileType = text.plist.xml; path = Info.plist; sourceTree = "<group>"; };
		884F3B3F1C892C910010CB92 /* main.m */ = {isa = PBXFileReference; lastKnownFileType = sourcecode.c.objc; path = main.m; sourceTree = "<group>"; };
		884F3B411C892C910010CB92 /* AppDelegate.h */ = {isa = PBXFileReference; lastKnownFileType = sourcecode.c.h; path = AppDelegate.h; sourceTree = "<group>"; };
		884F3B421C892C910010CB92 /* AppDelegate.m */ = {isa = PBXFileReference; lastKnownFileType = sourcecode.c.objc; path = AppDelegate.m; sourceTree = "<group>"; };
		884F3B441C892C910010CB92 /* ViewController.h */ = {isa = PBXFileReference; lastKnownFileType = sourcecode.c.h; path = ViewController.h; sourceTree = "<group>"; };
		884F3B451C892C910010CB92 /* ViewController.m */ = {isa = PBXFileReference; lastKnownFileType = sourcecode.c.objc; path = ViewController.m; sourceTree = "<group>"; };
		884F3B481C892C910010CB92 /* Base */ = {isa = PBXFileReference; lastKnownFileType = file.storyboard; name = Base; path = Base.lproj/Main.storyboard; sourceTree = "<group>"; };
		884F3B4A1C892C910010CB92 /* Images.xcassets */ = {isa = PBXFileReference; lastKnownFileType = folder.assetcatalog; path = Images.xcassets; sourceTree = "<group>"; };
		884F3B4D1C892C910010CB92 /* Base */ = {isa = PBXFileReference; lastKnownFileType = file.xib; name = Base; path = Base.lproj/LaunchScreen.xib; sourceTree = "<group>"; };
		884F3B531C892C910010CB92 /* XYZCornerRadiusTests.xctest */ = {isa = PBXFileReference; explicitFileType = wrapper.cfbundle; includeInIndex = 0; path = XYZCornerRadiusTests.xctest; sourceTree = BUILT_PRODUCTS_DIR; };
		884F3B581C892C910010CB92 /* Info.plist */ = {isa = PBXFileReference; lastKnownFileType = text.plist.xml; path = Info.plist; sourceTree = "<group>"; };
		884F3B591C892C910010CB92 /* XYZCornerRadiusTests.m */ = {isa = PBXFileReference; lastKnownFileType = sourcecode.c.objc; path = XYZCornerRadiusTests.m; sourceTree = "<group>"; };
/* End PBXFileReference section */

/* Begin PBXFrameworksBuildPhase section */
		884F3B371C892C910010CB92 /* Frameworks */ = {
			isa = PBXFrameworksBuildPhase;
			buildActionMask = 2147483647;
			files = (
			);
			runOnlyForDeploymentPostprocessing = 0;
		};
		884F3B501C892C910010CB92 /* Frameworks */ = {
			isa = PBXFrameworksBuildPhase;
			buildActionMask = 2147483647;
			files = (
			);
			runOnlyForDeploymentPostprocessing = 0;
		};
/* End PBXFrameworksBuildPhase section */

/* Begin PBXGroup section */
		884F3B311C892C910010CB92 = {
			isa = PBXGroup;
			children = (
				884F3B3C1C892C910010CB92 /* XYZCornerRadius */,
				884F3B561C892C910010CB92 /* XYZCornerRadiusTests */,
				884F3B3B1C892C910010CB92 /* Products */,
			);
			sourceTree = "<group>";
		};
		884F3B3B1C892C910010CB92 /* Products */ = {
			isa = PBXGroup;
			children = (
				884F3B3A1C892C910010CB92 /* XYZCornerRadius.app */,
				884F3B531C892C910010CB92 /* XYZCornerRadiusTests.xctest */,
			);
			name = Products;
			sourceTree = "<group>";
		};
		884F3B3C1C892C910010CB92 /* XYZCornerRadius */ = {
			isa = PBXGroup;
			children = (
				884F3B411C892C910010CB92 /* AppDelegate.h */,
				884F3B421C892C910010CB92 /* AppDelegate.m */,
				884F3B441C892C910010CB92 /* ViewController.h */,
				884F3B451C892C910010CB92 /* ViewController.m */,
				884F3B471C892C910010CB92 /* Main.storyboard */,
				884F3B4A1C892C910010CB92 /* Images.xcassets */,
				884F3B4C1C892C910010CB92 /* LaunchScreen.xib */,
				884F3B3D1C892C910010CB92 /* Supporting Files */,
			);
			path = XYZCornerRadius;
			sourceTree = "<group>";
		};
		884F3B3D1C892C910010CB92 /* Supporting Files */ = {
			isa = PBXGroup;
			children = (
				884F3B3E1C892C910010CB92 /* Info.plist */,
				884F3B3F1C892C910010CB92 /* main.m */,
			);
			name = "Supporting Files";
			sourceTree = "<group>";
		};
		884F3B561C892C910010CB92 /* XYZCornerRadiusTests */ = {
			isa = PBXGroup;
			children = (
				884F3B591C892C910010CB92 /* XYZCornerRadiusTests.m */,
				884F3B571C892C910010CB92 /* Supporting Files */,
			);
			path = XYZCornerRadiusTests;
			sourceTree = "<group>";
		};
		884F3B571C892C910010CB92 /* Supporting Files */ = {
			isa = PBXGroup;
			children = (
				884F3B581C892C910010CB92 /* Info.plist */,
			);
			name = "Supporting Files";
			sourceTree = "<group>";
		};
/* End PBXGroup section */

/* Begin PBXNativeTarget section */
		884F3B391C892C910010CB92 /* XYZCornerRadius */ = {
			isa = PBXNativeTarget;
			buildConfigurationList = 884F3B5D1C892C910010CB92 /* Build configuration list for PBXNativeTarget "XYZCornerRadius" */;
			buildPhases = (
				884F3B361C892C910010CB92 /* Sources */,
				884F3B371C892C910010CB92 /* Frameworks */,
				884F3B381C892C910010CB92 /* Resources */,
			);
			buildRules = (
			);
			dependencies = (
			);
			name = XYZCornerRadius;
			productName = XYZCornerRadius;
			productReference = 884F3B3A1C892C910010CB92 /* XYZCornerRadius.app */;
			productType = "com.apple.product-type.application";
		};
		884F3B521C892C910010CB92 /* XYZCornerRadiusTests */ = {
			isa = PBXNativeTarget;
			buildConfigurationList = 884F3B601C892C910010CB92 /* Build configuration list for PBXNativeTarget "XYZCornerRadiusTests" */;
			buildPhases = (
				884F3B4F1C892C910010CB92 /* Sources */,
				884F3B501C892C910010CB92 /* Frameworks */,
				884F3B511C892C910010CB92 /* Resources */,
			);
			buildRules = (
			);
			dependencies = (
				884F3B551C892C910010CB92 /* PBXTargetDependency */,
			);
			name = XYZCornerRadiusTests;
			productName = XYZCornerRadiusTests;
			productReference = 884F3B531C892C910010CB92 /* XYZCornerRadiusTests.xctest */;
			productType = "com.apple.product-type.bundle.unit-test";
		};
/* End PBXNativeTarget section */

/* Begin PBXProject section */
		884F3B321C892C910010CB92 /* Project object */ = {
			isa = PBXProject;
			attributes = {
				LastUpgradeCheck = 0630;
				ORGANIZATIONNAME = iMac;
				TargetAttributes = {
					884F3B391C892C910010CB92 = {
						CreatedOnToolsVersion = 6.3.2;
					};
					884F3B521C892C910010CB92 = {
						CreatedOnToolsVersion = 6.3.2;
						TestTargetID = 884F3B391C892C910010CB92;
					};
				};
			};
			buildConfigurationList = 884F3B351C892C910010CB92 /* Build configuration list for PBXProject "XYZCornerRadius" */;
			compatibilityVersion = "Xcode 3.2";
			developmentRegion = English;
			hasScannedForEncodings = 0;
			knownRegions = (
				en,
				Base,
			);
			mainGroup = 884F3B311C892C910010CB92;
			productRefGroup = 884F3B3B1C892C910010CB92 /* Products */;
			projectDirPath = "";
			projectRoot = "";
			targets = (
				884F3B391C892C910010CB92 /* XYZCornerRadius */,
				884F3B521C892C910010CB92 /* XYZCornerRadiusTests */,
			);
		};
/* End PBXProject section */

/* Begin PBXResourcesBuildPhase section */
		884F3B381C892C910010CB92 /* Resources */ = {
			isa = PBXResourcesBuildPhase;
			buildActionMask = 2147483647;
			files = (
				884F3B491C892C910010CB92 /* Main.storyboard in Resources */,
				884F3B4E1C892C910010CB92 /* LaunchScreen.xib in Resources */,
				884F3B4B1C892C910010CB92 /* Images.xcassets in Resources */,
			);
			runOnlyForDeploymentPostprocessing = 0;
		};
		884F3B511C892C910010CB92 /* Resources */ = {
			isa = PBXResourcesBuildPhase;
			buildActionMask = 2147483647;
			files = (
			);
			runOnlyForDeploymentPostprocessing = 0;
		};
/* End PBXResourcesBuildPhase section */

/* Begin PBXSourcesBuildPhase section */
		884F3B361C892C910010CB92 /* Sources */ = {
			isa = PBXSourcesBuildPhase;
			buildActionMask = 2147483647;
			files = (
				884F3B461C892C910010CB92 /* ViewController.m in Sources */,
				884F3B431C892C910010CB92 /* AppDelegate.m in Sources */,
				884F3B401C892C910010CB92 /* main.m in Sources */,
			);
			runOnlyForDeploymentPostprocessing = 0;
		};
		884F3B4F1C892C910010CB92 /* Sources */ = {
			isa = PBXSourcesBuildPhase;
			buildActionMask = 2147483647;
			files = (
				884F3B5A1C892C910010CB92 /* XYZCornerRadiusTests.m in Sources */,
			);
			runOnlyForDeploymentPostprocessing = 0;
		};
/* End PBXSourcesBuildPhase section */

/* Begin PBXTargetDependency section */
		884F3B551C892C910010CB92 /* PBXTargetDependency */ = {
			isa = PBXTargetDependency;
			target = 884F3B391C892C910010CB92 /* XYZCornerRadius */;
			targetProxy = 884F3B541C892C910010CB92 /* PBXContainerItemProxy */;
		};
/* End PBXTargetDependency section */

/* Begin PBXVariantGroup section */
		884F3B471C892C910010CB92 /* Main.storyboard */ = {
			isa = PBXVariantGroup;
			children = (
				884F3B481C892C910010CB92 /* Base */,
			);
			name = Main.storyboard;
			sourceTree = "<group>";
		};
		884F3B4C1C892C910010CB92 /* LaunchScreen.xib */ = {
			isa = PBXVariantGroup;
			children = (
				884F3B4D1C892C910010CB92 /* Base */,
			);
			name = LaunchScreen.xib;
			sourceTree = "<group>";
		};
/* End PBXVariantGroup section */

/* Begin XCBuildConfiguration section */
		884F3B5B1C892C910010CB92 /* Debug */ = {
			isa = XCBuildConfiguration;
			buildSettings = {
				ALWAYS_SEARCH_USER_PATHS = NO;
				CLANG_CXX_LANGUAGE_STANDARD = "gnu++0x";
				CLANG_CXX_LIBRARY = "libc++";
				CLANG_ENABLE_MODULES = YES;
				CLANG_ENABLE_OBJC_ARC = YES;
				CLANG_WARN_BOOL_CONVERSION = YES;
				CLANG_WARN_CONSTANT_CONVERSION = YES;
				CLANG_WARN_DIRECT_OBJC_ISA_USAGE = YES_ERROR;
				CLANG_WARN_EMPTY_BODY = YES;
				CLANG_WARN_ENUM_CONVERSION = YES;
				CLANG_WARN_INT_CONVERSION = YES;
				CLANG_WARN_OBJC_ROOT_CLASS = YES_ERROR;
				CLANG_WARN_UNREACHABLE_CODE = YES;
				CLANG_WARN__DUPLICATE_METHOD_MATCH = YES;
				"CODE_SIGN_IDENTITY[sdk=iphoneos*]" = "iPhone Developer";
				COPY_PHASE_STRIP = NO;
				DEBUG_INFORMATION_FORMAT = "dwarf-with-dsym";
				ENABLE_STRICT_OBJC_MSGSEND = YES;
				GCC_C_LANGUAGE_STANDARD = gnu99;
				GCC_DYNAMIC_NO_PIC = NO;
				GCC_NO_COMMON_BLOCKS = YES;
				GCC_OPTIMIZATION_LEVEL = 0;
				GCC_PREPROCESSOR_DEFINITIONS = (
					"DEBUG=1",
					"$(inherited)",
				);
				GCC_SYMBOLS_PRIVATE_EXTERN = NO;
				GCC_WARN_64_TO_32_BIT_CONVERSION = YES;
				GCC_WARN_ABOUT_RETURN_TYPE = YES_ERROR;
				GCC_WARN_UNDECLARED_SELECTOR = YES;
				GCC_WARN_UNINITIALIZED_AUTOS = YES_AGGRESSIVE;
				GCC_WARN_UNUSED_FUNCTION = YES;
				GCC_WARN_UNUSED_VARIABLE = YES;
				IPHONEOS_DEPLOYMENT_TARGET = 8.3;
				MTL_ENABLE_DEBUG_INFO = YES;
				ONLY_ACTIVE_ARCH = YES;
				SDKROOT = iphoneos;
			};
			name = Debug;
		};
		884F3B5C1C892C910010CB92 /* Release */ = {
			isa = XCBuildConfiguration;
			buildSettings = {
				ALWAYS_SEARCH_USER_PATHS = NO;
				CLANG_CXX_LANGUAGE_STANDARD = "gnu++0x";
				CLANG_CXX_LIBRARY = "libc++";
				CLANG_ENABLE_MODULES = YES;
				CLANG_ENABLE_OBJC_ARC = YES;
				CLANG_WARN_BOOL_CONVERSION = YES;
				CLANG_WARN_CONSTANT_CONVERSION = YES;
				CLANG_WARN_DIRECT_OBJC_ISA_USAGE = YES_ERROR;
				CLANG_WARN_EMPTY_BODY = YES;
				CLANG_WARN_ENUM_CONVERSION = YES;
				CLANG_WARN_INT_CONVERSION = YES;
				CLANG_WARN_OBJC_ROOT_CLASS = YES_ERROR;
				CLANG_WARN_UNREACHABLE_CODE = YES;
				CLANG_WARN__DUPLICATE_METHOD_MATCH = YES;
				"CODE_SIGN_IDENTITY[sdk=iphoneos*]" = "iPhone Developer";
				COPY_PHASE_STRIP = NO;
				DEBUG_INFORMATION_FORMAT = "dwarf-with-dsym";
				ENABLE_NS_ASSERTIONS = NO;
				ENABLE_STRICT_OBJC_MSGSEND = YES;
				GCC_C_LANGUAGE_STANDARD = gnu99;
				GCC_NO_COMMON_BLOCKS = YES;
				GCC_WARN_64_TO_32_BIT_CONVERSION = YES;
				GCC_WARN_ABOUT_RETURN_TYPE = YES_ERROR;
				GCC_WARN_UNDECLARED_SELECTOR = YES;
				GCC_WARN_UNINITIALIZED_AUTOS = YES_AGGRESSIVE;
				GCC_WARN_UNUSED_FUNCTION = YES;
				GCC_WARN_UNUSED_VARIABLE = YES;
				IPHONEOS_DEPLOYMENT_TARGET = 8.3;
				MTL_ENABLE_DEBUG_INFO = NO;
				SDKROOT = iphoneos;
				VALIDATE_PRODUCT = YES;
			};
			name = Release;
		};
		884F3B5E1C892C910010CB92 /* Debug */ = {
			isa = XCBuildConfiguration;
			buildSettings = {
				ASSETCATALOG_COMPILER_APPICON_NAME = AppIcon;
				INFOPLIST_FILE = XYZCornerRadius/Info.plist;
				LD_RUNPATH_SEARCH_PATHS = "$(inherited) @executable_path/Frameworks";
				PRODUCT_NAME = "$(TARGET_NAME)";
			};
			name = Debug;
		};
		884F3B5F1C892C910010CB92 /* Release */ = {
			isa = XCBuildConfiguration;
			buildSettings = {
				ASSETCATALOG_COMPILER_APPICON_NAME = AppIcon;
				INFOPLIST_FILE = XYZCornerRadius/Info.plist;
				LD_RUNPATH_SEARCH_PATHS = "$(inherited) @executable_path/Frameworks";
				PRODUCT_NAME = "$(TARGET_NAME)";
			};
			name = Release;
		};
		884F3B611C892C910010CB92 /* Debug */ = {
			isa = XCBuildConfiguration;
			buildSettings = {
				BUNDLE_LOADER = "$(TEST_HOST)";
				FRAMEWORK_SEARCH_PATHS = (
					"$(SDKROOT)/Developer/Library/Frameworks",
					"$(inherited)",
				);
				GCC_PREPROCESSOR_DEFINITIONS = (
					"DEBUG=1",
					"$(inherited)",
				);
				INFOPLIST_FILE = XYZCornerRadiusTests/Info.plist;
				LD_RUNPATH_SEARCH_PATHS = "$(inherited) @executable_path/Frameworks @loader_path/Frameworks";
				PRODUCT_NAME = "$(TARGET_NAME)";
				TEST_HOST = "$(BUILT_PRODUCTS_DIR)/XYZCornerRadius.app/XYZCornerRadius";
			};
			name = Debug;
		};
		884F3B621C892C910010CB92 /* Release */ = {
			isa = XCBuildConfiguration;
			buildSettings = {
				BUNDLE_LOADER = "$(TEST_HOST)";
				FRAMEWORK_SEARCH_PATHS = (
					"$(SDKROOT)/Developer/Library/Frameworks",
					"$(inherited)",
				);
				INFOPLIST_FILE = XYZCornerRadiusTests/Info.plist;
				LD_RUNPATH_SEARCH_PATHS = "$(inherited) @executable_path/Frameworks @loader_path/Frameworks";
				PRODUCT_NAME = "$(TARGET_NAME)";
				TEST_HOST = "$(BUILT_PRODUCTS_DIR)/XYZCornerRadius.app/XYZCornerRadius";
			};
			name = Release;
		};
/* End XCBuildConfiguration section */

/* Begin XCConfigurationList section */
		884F3B351C892C910010CB92 /* Build configuration list for PBXProject "XYZCornerRadius" */ = {
			isa = XCConfigurationList;
			buildConfigurations = (
				884F3B5B1C892C910010CB92 /* Debug */,
				884F3B5C1C892C910010CB92 /* Release */,
			);
			defaultConfigurationIsVisible = 0;
			defaultConfigurationName = Release;
		};
		884F3B5D1C892C910010CB92 /* Build configuration list for PBXNativeTarget "XYZCornerRadius" */ = {
			isa = XCConfigurationList;
			buildConfigurations = (
				884F3B5E1C892C910010CB92 /* Debug */,
				884F3B5F1C892C910010CB92 /* Release */,
			);
			defaultConfigurationIsVisible = 0;
		};
		884F3B601C892C910010CB92 /* Build configuration list for PBXNativeTarget "XYZCornerRadiusTests" */ = {
			isa = XCConfigurationList;
			buildConfigurations = (
				884F3B611C892C910010CB92 /* Debug */,
				884F3B621C892C910010CB92 /* Release */,
			);
			defaultConfigurationIsVisible = 0;
		};
/* End XCConfigurationList section */
	};
	rootObject = 884F3B321C892C910010CB92 /* Project object */;
}
